
Microsoft Visual Studio Solution File, Format Version 12.00
# Visual Studio Version 17
VisualStudioVersion = 17.8.34330.188
MinimumVisualStudioVersion = 10.0.40219.1
Project("{FAE04EC0-301F-11D3-BF4B-00C04F79EFBC}") = "GuessNumber", "GuessNumber\GuessNumber.csproj", "{7A6AEE81-110A-44B3-A1DB-BFCCFF0227DC}"
EndProject
Global
	GlobalSection(SolutionConfigurationPlatforms) = preSolution
		Debug|Any CPU = Debug|Any CPU
		Release|Any CPU = Release|Any CPU
	EndGlobalSection
	GlobalSection(ProjectConfigurationPlatforms) = postSolution
		{7A6AEE81-110A-44B3-A1DB-BFCCFF0227DC}.Debug|Any CPU.ActiveCfg = Debug|Any CPU
		{7A6AEE81-110A-44B3-A1DB-BFCCFF0227DC}.Debug|Any CPU.Build.0 = Debug|Any CPU
		{7A6AEE81-110A-44B3-A1DB-BFCCFF0227DC}.Release|Any CPU.ActiveCfg = Release|Any CPU
		{7A6AEE81-110A-44B3-A1DB-BFCCFF0227DC}.Release|Any CPU.Build.0 = Release|Any CPU
	EndGlobalSection
	GlobalSection(SolutionProperties) = preSolution
		HideSolutionNode = FALSE
	EndGlobalSection
	GlobalSection(ExtensibilityGlobals) = postSolution
		SolutionGuid = {892FF60A-A810-4551-9B83-F5FB59A51CD3}
	EndGlobalSection
EndGlobal
